
Microsoft Visual Studio Solution File, Format Version 12.00
# Visual Studio 15
VisualStudioVersion = 15.0.28010.2050
MinimumVisualStudioVersion = 10.0.40219.1
Project("{FAE04EC0-301F-11D3-BF4B-00C04F79EFBC}") = "WpfApp1", "WpfApp1\WpfApp1.csproj", "{D9E9366D-7407-4786-81EC-68299EE54A00}"
EndProject
Global
	GlobalSection(SolutionConfigurationPlatforms) = preSolution
		Debug|Any CPU = Debug|Any CPU
		Release|Any CPU = Release|Any CPU
	EndGlobalSection
	GlobalSection(ProjectConfigurationPlatforms) = postSolution
		{D9E9366D-7407-4786-81EC-68299EE54A00}.Debug|Any CPU.ActiveCfg = Debug|Any CPU
		{D9E9366D-7407-4786-81EC-68299EE54A00}.Debug|Any CPU.Build.0 = Debug|Any CPU
		{D9E9366D-7407-4786-81EC-68299EE54A00}.Release|Any CPU.ActiveCfg = Release|Any CPU
		{D9E9366D-7407-4786-81EC-68299EE54A00}.Release|Any CPU.Build.0 = Release|Any CPU
	EndGlobalSection
	GlobalSection(SolutionProperties) = preSolution
		HideSolutionNode = FALSE
	EndGlobalSection
	GlobalSection(ExtensibilityGlobals) = postSolution
		SolutionGuid = {EE0BC124-DF96-412F-AB20-583F98ADC818}
	EndGlobalSection
EndGlobal
